
Microsoft Visual Studio Solution File, Format Version 12.00
# Visual Studio Version 17
VisualStudioVersion = 17.7.34221.43
MinimumVisualStudioVersion = 10.0.40219.1
Project("{FAE04EC0-301F-11D3-BF4B-00C04F79EFBC}") = "WinFormApp", "WinFormApp\WinFormApp.csproj", "{39C57F85-354D-40C2-91DE-D50991A9AF0B}"
EndProject
Global
	GlobalSection(SolutionConfigurationPlatforms) = preSolution
		Debug|Any CPU = Debug|Any CPU
		Release|Any CPU = Release|Any CPU
	EndGlobalSection
	GlobalSection(ProjectConfigurationPlatforms) = postSolution
		{39C57F85-354D-40C2-91DE-D50991A9AF0B}.Debug|Any CPU.ActiveCfg = Debug|Any CPU
		{39C57F85-354D-40C2-91DE-D50991A9AF0B}.Debug|Any CPU.Build.0 = Debug|Any CPU
		{39C57F85-354D-40C2-91DE-D50991A9AF0B}.Release|Any CPU.ActiveCfg = Release|Any CPU
		{39C57F85-354D-40C2-91DE-D50991A9AF0B}.Release|Any CPU.Build.0 = Release|Any CPU
	EndGlobalSection
	GlobalSection(SolutionProperties) = preSolution
		HideSolutionNode = FALSE
	EndGlobalSection
	GlobalSection(ExtensibilityGlobals) = postSolution
		SolutionGuid = {6A2CC857-C4C7-4CC3-BB2D-29CF3C4AC907}
	EndGlobalSection
EndGlobal
